
Microsoft Visual Studio Solution File, Format Version 12.00
# Visual Studio Version 16
VisualStudioVersion = 16.0.30309.148
MinimumVisualStudioVersion = 10.0.40219.1
Project("{FAE04EC0-301F-11D3-BF4B-00C04F79EFBC}") = "ElectronicsStorage", "ElectronicsStorage\ElectronicsStorage.csproj", "{2D623C04-B6AA-4713-9661-460BABC72993}"
EndProject
Global
	GlobalSection(SolutionConfigurationPlatforms) = preSolution
		Debug|Any CPU = Debug|Any CPU
		Release|Any CPU = Release|Any CPU
	EndGlobalSection
	GlobalSection(ProjectConfigurationPlatforms) = postSolution
		{2D623C04-B6AA-4713-9661-460BABC72993}.Debug|Any CPU.ActiveCfg = Debug|Any CPU
		{2D623C04-B6AA-4713-9661-460BABC72993}.Debug|Any CPU.Build.0 = Debug|Any CPU
		{2D623C04-B6AA-4713-9661-460BABC72993}.Release|Any CPU.ActiveCfg = Release|Any CPU
		{2D623C04-B6AA-4713-9661-460BABC72993}.Release|Any CPU.Build.0 = Release|Any CPU
	EndGlobalSection
	GlobalSection(SolutionProperties) = preSolution
		HideSolutionNode = FALSE
	EndGlobalSection
	GlobalSection(ExtensibilityGlobals) = postSolution
		SolutionGuid = {26A86285-163F-4570-BA95-906217061C65}
	EndGlobalSection
EndGlobal
